
Microsoft Visual Studio Solution File, Format Version 12.00
# Visual Studio 14
VisualStudioVersion = 14.0.23107.0
MinimumVisualStudioVersion = 10.0.40219.1
Project("{FAE04EC0-301F-11D3-BF4B-00C04F79EFBC}") = "BinarySearchTask", "BinarySearchTask\BinarySearchTask.csproj", "{0CA5241A-D88E-4E81-AC06-A0E619C3CF49}"
EndProject
Project("{FAE04EC0-301F-11D3-BF4B-00C04F79EFBC}") = "BinarySearchTest", "BinarySearchTest\BinarySearchTest.csproj", "{0CB48FFD-C922-4B67-8FBB-E94FEC4BEFE6}"
EndProject
Project("{FAE04EC0-301F-11D3-BF4B-00C04F79EFBC}") = "TimerTask", "TimerTask\TimerTask.csproj", "{2BE90708-B04F-451E-8C84-303996104400}"
EndProject
Project("{FAE04EC0-301F-11D3-BF4B-00C04F79EFBC}") = "TimerTastTests", "TimerTastTests\TimerTastTests.csproj", "{B1465D8D-BEC2-4F21-943E-137F3A16ECF1}"
EndProject
Project("{FAE04EC0-301F-11D3-BF4B-00C04F79EFBC}") = "NumberOfWordsTask", "NumberOfWordsTask\NumberOfWordsTask.csproj", "{8FCEEF45-64E9-47DD-8FCA-0794FC447D37}"
EndProject
Project("{FAE04EC0-301F-11D3-BF4B-00C04F79EFBC}") = "NumberOfWordsTaskTests", "NumberOfWordsTaskTests\NumberOfWordsTaskTests.csproj", "{AA1A1F91-B391-46EE-B6A3-260DDDFDF3E2}"
EndProject
Global
	GlobalSection(SolutionConfigurationPlatforms) = preSolution
		Debug|Any CPU = Debug|Any CPU
		Release|Any CPU = Release|Any CPU
	EndGlobalSection
	GlobalSection(ProjectConfigurationPlatforms) = postSolution
		{0CA5241A-D88E-4E81-AC06-A0E619C3CF49}.Debug|Any CPU.ActiveCfg = Debug|Any CPU
		{0CA5241A-D88E-4E81-AC06-A0E619C3CF49}.Debug|Any CPU.Build.0 = Debug|Any CPU
		{0CA5241A-D88E-4E81-AC06-A0E619C3CF49}.Release|Any CPU.ActiveCfg = Release|Any CPU
		{0CA5241A-D88E-4E81-AC06-A0E619C3CF49}.Release|Any CPU.Build.0 = Release|Any CPU
		{0CB48FFD-C922-4B67-8FBB-E94FEC4BEFE6}.Debug|Any CPU.ActiveCfg = Debug|Any CPU
		{0CB48FFD-C922-4B67-8FBB-E94FEC4BEFE6}.Debug|Any CPU.Build.0 = Debug|Any CPU
		{0CB48FFD-C922-4B67-8FBB-E94FEC4BEFE6}.Release|Any CPU.ActiveCfg = Release|Any CPU
		{0CB48FFD-C922-4B67-8FBB-E94FEC4BEFE6}.Release|Any CPU.Build.0 = Release|Any CPU
		{2BE90708-B04F-451E-8C84-303996104400}.Debug|Any CPU.ActiveCfg = Debug|Any CPU
		{2BE90708-B04F-451E-8C84-303996104400}.Debug|Any CPU.Build.0 = Debug|Any CPU
		{2BE90708-B04F-451E-8C84-303996104400}.Release|Any CPU.ActiveCfg = Release|Any CPU
		{2BE90708-B04F-451E-8C84-303996104400}.Release|Any CPU.Build.0 = Release|Any CPU
		{B1465D8D-BEC2-4F21-943E-137F3A16ECF1}.Debug|Any CPU.ActiveCfg = Debug|Any CPU
		{B1465D8D-BEC2-4F21-943E-137F3A16ECF1}.Debug|Any CPU.Build.0 = Debug|Any CPU
		{B1465D8D-BEC2-4F21-943E-137F3A16ECF1}.Release|Any CPU.ActiveCfg = Release|Any CPU
		{B1465D8D-BEC2-4F21-943E-137F3A16ECF1}.Release|Any CPU.Build.0 = Release|Any CPU
		{8FCEEF45-64E9-47DD-8FCA-0794FC447D37}.Debug|Any CPU.ActiveCfg = Debug|Any CPU
		{8FCEEF45-64E9-47DD-8FCA-0794FC447D37}.Debug|Any CPU.Build.0 = Debug|Any CPU
		{8FCEEF45-64E9-47DD-8FCA-0794FC447D37}.Release|Any CPU.ActiveCfg = Release|Any CPU
		{8FCEEF45-64E9-47DD-8FCA-0794FC447D37}.Release|Any CPU.Build.0 = Release|Any CPU
		{AA1A1F91-B391-46EE-B6A3-260DDDFDF3E2}.Debug|Any CPU.ActiveCfg = Debug|Any CPU
		{AA1A1F91-B391-46EE-B6A3-260DDDFDF3E2}.Debug|Any CPU.Build.0 = Debug|Any CPU
		{AA1A1F91-B391-46EE-B6A3-260DDDFDF3E2}.Release|Any CPU.ActiveCfg = Release|Any CPU
		{AA1A1F91-B391-46EE-B6A3-260DDDFDF3E2}.Release|Any CPU.Build.0 = Release|Any CPU
	EndGlobalSection
	GlobalSection(SolutionProperties) = preSolution
		HideSolutionNode = FALSE
	EndGlobalSection
EndGlobal
